hash: 81b8567d063996dfd55e9f1fb338fe7b7f1d49944fae13412de0ef1921a81723
updated: 2018-02-23T11:07:30.710608596-08:00
imports:
- name: github.com/aws/aws-sdk-go
  version: f7f1ee9550cc76ceea731d99c8dbe00a0c39f66d
  subpackages:
  - aws
  - aws/credentials
  - aws/credentials/ec2rolecreds
  - aws/ec2metadata
  - aws/session
  - service/support
  - service/support/supportiface
- name: github.com/golang/glog
  version: 44145f04b68cf362d9c4df2182967c2275eaefed
- name: github.com/prometheus/client_golang
  version: 967789050ba94deca04a5e84cce8ad472ce313c1
  subpackages:
  - prometheus
  - prometheus/promhttp
testImports: []
